
Microsoft Visual Studio Solution File, Format Version 12.00
# Visual Studio Version 16
VisualStudioVersion = 16.0.31515.178
MinimumVisualStudioVersion = 10.0.40219.1
Project("{9A19103F-16F7-4668-BE54-9A1E7A4F7556}") = "Outfitter", "Outfitter\Outfitter.csproj", "{674578FF-B7C7-4142-A8E3-CBB52BD8B996}"
EndProject
Project("{9A19103F-16F7-4668-BE54-9A1E7A4F7556}") = "0KillfaceTools", "0KillfaceTools\0KillfaceTools.csproj", "{600592CE-D8EC-4170-8C4B-4D33DE54F99E}"
EndProject
Global
	GlobalSection(SolutionConfigurationPlatforms) = preSolution
		Debug|Any CPU = Debug|Any CPU
		NoCCL|Any CPU = NoCCL|Any CPU
		Release|Any CPU = Release|Any CPU
	EndGlobalSection
	GlobalSection(ProjectConfigurationPlatforms) = postSolution
		{674578FF-B7C7-4142-A8E3-CBB52BD8B996}.Debug|Any CPU.ActiveCfg = Debug|Any CPU
		{674578FF-B7C7-4142-A8E3-CBB52BD8B996}.Debug|Any CPU.Build.0 = Debug|Any CPU
		{674578FF-B7C7-4142-A8E3-CBB52BD8B996}.NoCCL|Any CPU.ActiveCfg = NoCCL|Any CPU
		{674578FF-B7C7-4142-A8E3-CBB52BD8B996}.NoCCL|Any CPU.Build.0 = NoCCL|Any CPU
		{674578FF-B7C7-4142-A8E3-CBB52BD8B996}.Release|Any CPU.ActiveCfg = Release|Any CPU
		{674578FF-B7C7-4142-A8E3-CBB52BD8B996}.Release|Any CPU.Build.0 = Release|Any CPU
		{600592CE-D8EC-4170-8C4B-4D33DE54F99E}.Debug|Any CPU.ActiveCfg = Debug|Any CPU
		{600592CE-D8EC-4170-8C4B-4D33DE54F99E}.Debug|Any CPU.Build.0 = Debug|Any CPU
		{600592CE-D8EC-4170-8C4B-4D33DE54F99E}.NoCCL|Any CPU.ActiveCfg = Debug|Any CPU
		{600592CE-D8EC-4170-8C4B-4D33DE54F99E}.NoCCL|Any CPU.Build.0 = Debug|Any CPU
		{600592CE-D8EC-4170-8C4B-4D33DE54F99E}.Release|Any CPU.ActiveCfg = Release|Any CPU
		{600592CE-D8EC-4170-8C4B-4D33DE54F99E}.Release|Any CPU.Build.0 = Release|Any CPU
	EndGlobalSection
	GlobalSection(SolutionProperties) = preSolution
		HideSolutionNode = FALSE
	EndGlobalSection
	GlobalSection(ExtensibilityGlobals) = postSolution
		SolutionGuid = {C5B24B26-898B-450F-8766-94DC10FB4353}
	EndGlobalSection
EndGlobal
